lockfileVersion: '9.0'

settings:
  autoInstallPeers: true
  excludeLinksFromLockfile: false

importers:

  .:
    dependencies:
      clsx:
        specifier: ^2.1.1
        version: 2.1.1
      next-themes:
        specifier: ^0.4.4
        version: 0.4.4(react-dom@19.0.0(react@18.3.1))(react@18.3.1)
      tailwind-merge:
        specifier: ^2.3.0
        version: 2.5.5
    devDependencies:
      '@types/node':
        specifier: ^22.10.5
        version: 22.10.5
      '@types/react':
        specifier: ^19.0.4
        version: 19.0.4
      '@types/react-dom':
        specifier: ^19.0.2
        version: 19.0.2(@types/react@19.0.4)
      react:
        specifier: ^18.3.1
        version: 18.3.1
      react-dom:
        specifier: ^19.0.0
        version: 19.0.0(react@18.3.1)
      typescript:
        specifier: ^5.7.3
        version: 5.7.3

packages:

  '@types/node@22.10.5':
    resolution: {integrity: sha512-F8Q+SeGimwOo86fiovQh8qiXfFEh2/ocYv7tU5pJ3EXMSSxk1Joj5wefpFK2fHTf/N6HKGSxIDBT9f3gCxXPkQ==}

  '@types/react-dom@19.0.2':
    resolution: {integrity: sha512-c1s+7TKFaDRRxr1TxccIX2u7sfCnc3RxkVyBIUA2lCpyqCF+QoAwQ/CBg7bsMdVwP120HEH143VQezKtef5nCg==}
    peerDependencies:
      '@types/react': ^19.0.0

  '@types/react@19.0.4':
    resolution: {integrity: sha512-3O4QisJDYr1uTUMZHA2YswiQZRq+Pd8D+GdVFYikTutYsTz+QZgWkAPnP7rx9txoI6EXKcPiluMqWPFV3tT9Wg==}

  clsx@2.1.1:
    resolution: {integrity: sha512-eYm0QWBtUrBWZWG0d386OGAw16Z995PiOVo2B7bjWSbHedGl5e0ZWaq65kOGgUSNesEIDkB9ISbTg/JK9dhCZA==}
    engines: {node: '>=6'}

  csstype@3.1.3:
    resolution: {integrity: sha512-M1uQkMl8rQK/szD0LNhtqxIPLpimGm8sOBwU7lLnCpSbTyY3yeU1Vc7l4KT5zT4s/yOxHH5O7tIuuLOCnLADRw==}

  js-tokens@4.0.0:
    resolution: {integrity: sha512-RdJUflcE3cUzKiMqQgsCu06FPu9UdIJO0beYbPhHN4k6apgJtifcoCtT9bcxOpYBtpD2kCM6Sbzg4CausW/PKQ==}

  loose-envify@1.4.0:
    resolution: {integrity: sha512-lyuxPGr/Wfhrlem2CL/UcnUc1zcqKAImBDzukY7Y5F/yQiNdko6+fRLevlw1HgMySw7f611UIY408EtxRSoK3Q==}
    hasBin: true

  next-themes@0.4.4:
    resolution: {integrity: sha512-LDQ2qIOJF0VnuVrrMSMLrWGjRMkq+0mpgl6e0juCLqdJ+oo8Q84JRWT6Wh11VDQKkMMe+dVzDKLWs5n87T+PkQ==}
    peerDependencies:
      react: ^16.8 || ^17 || ^18 || ^19 || ^19.0.0-rc
      react-dom: ^16.8 || ^17 || ^18 || ^19 || ^19.0.0-rc

  react-dom@19.0.0:
    resolution: {integrity: sha512-4GV5sHFG0e/0AD4X+ySy6UJd3jVl1iNsNHdpad0qhABJ11twS3TTBnseqsKurKcsNqCEFeGL3uLpVChpIO3QfQ==}
    peerDependencies:
      react: ^19.0.0

  react@18.3.1:
    resolution: {integrity: sha512-wS+hAgJShR0KhEvPJArfuPVN1+Hz1t0Y6n5jLrGQbkb4urgPE/0Rve+1kMB1v/oWgHgm4WIcV+i7F2pTVj+2iQ==}
    engines: {node: '>=0.10.0'}

  scheduler@0.25.0:
    resolution: {integrity: sha512-xFVuu11jh+xcO7JOAGJNOXld8/TcEHK/4CituBUeUb5hqxJLj9YuemAEuvm9gQ/+pgXYfbQuqAkiYu+u7YEsNA==}

  tailwind-merge@2.5.5:
    resolution: {integrity: sha512-0LXunzzAZzo0tEPxV3I297ffKZPlKDrjj7NXphC8V5ak9yHC5zRmxnOe2m/Rd/7ivsOMJe3JZ2JVocoDdQTRBA==}

  typescript@5.7.3:
    resolution: {integrity: sha512-84MVSjMEHP+FQRPy3pX9sTVV/INIex71s9TL2Gm5FG/WG1SqXeKyZ0k7/blY/4FdOzI12CBy1vGc4og/eus0fw==}
    engines: {node: '>=14.17'}
    hasBin: true

  undici-types@6.20.0:
    resolution: {integrity: sha512-Ny6QZ2Nju20vw1SRHe3d9jVu6gJ+4e3+MMpqu7pqE5HT6WsTSlce++GQmK5UXS8mzV8DSYHrQH+Xrf2jVcuKNg==}

snapshots:

  '@types/node@22.10.5':
    dependencies:
      undici-types: 6.20.0

  '@types/react-dom@19.0.2(@types/react@19.0.4)':
    dependencies:
      '@types/react': 19.0.4

  '@types/react@19.0.4':
    dependencies:
      csstype: 3.1.3

  clsx@2.1.1: {}

  csstype@3.1.3: {}

  js-tokens@4.0.0: {}

  loose-envify@1.4.0:
    dependencies:
      js-tokens: 4.0.0

  next-themes@0.4.4(react-dom@19.0.0(react@18.3.1))(react@18.3.1):
    dependencies:
      react: 18.3.1
      react-dom: 19.0.0(react@18.3.1)

  react-dom@19.0.0(react@18.3.1):
    dependencies:
      react: 18.3.1
      scheduler: 0.25.0

  react@18.3.1:
    dependencies:
      loose-envify: 1.4.0

  scheduler@0.25.0: {}

  tailwind-merge@2.5.5: {}

  typescript@5.7.3: {}

  undici-types@6.20.0: {}
